// !$*UTF8*$!
{
	archiveVersion = 1;
	classes = {
	};
	objectVersion = 56;
	objects = {

/* Begin PBXBuildFile section */
		004BD8362A9F63B0008640B4 /* DomainError.swift in Sources */ = {isa = PBXBuildFile; fileRef = 004BD8352A9F63B0008640B4 /* DomainError.swift */; };
		004BD8392A9F65CE008640B4 /* HttpError.swift in Sources */ = {isa = PBXBuildFile; fileRef = 004BD8382A9F65CE008640B4 /* HttpError.swift */; };
		004BD83C2A9F6E55008640B4 /* ExtensionHelpers.swift in Sources */ = {isa = PBXBuildFile; fileRef = 004BD83B2A9F6E55008640B4 /* ExtensionHelpers.swift */; };
		004BD83F2A9F83F9008640B4 /* TestExtensions.swift in Sources */ = {isa = PBXBuildFile; fileRef = 004BD83E2A9F83F9008640B4 /* TestExtensions.swift */; };
		004BD8412A9F844B008640B4 /* TestFactories.swift in Sources */ = {isa = PBXBuildFile; fileRef = 004BD8402A9F844B008640B4 /* TestFactories.swift */; };
		004BD8442A9F8495008640B4 /* HttpClientSpy.swift in Sources */ = {isa = PBXBuildFile; fileRef = 004BD8432A9F8495008640B4 /* HttpClientSpy.swift */; };
		004BD8462A9F84DA008640B4 /* AccountModelFactory.swift in Sources */ = {isa = PBXBuildFile; fileRef = 004BD8452A9F84DA008640B4 /* AccountModelFactory.swift */; };
		004BD8542A9FA762008640B4 /* Infra.framework in Frameworks */ = {isa = PBXBuildFile; fileRef = 004BD84C2A9FA761008640B4 /* Infra.framework */; };
		004BD8592A9FA763008640B4 /* InfraTests.swift in Sources */ = {isa = PBXBuildFile; fileRef = 004BD8582A9FA763008640B4 /* InfraTests.swift */; };
		004BD8652A9FA884008640B4 /* DataLayer.framework in Frameworks */ = {isa = PBXBuildFile; fileRef = 0086DEC32A9E22C20012A493 /* DataLayer.framework */; };
		004BD8662A9FA884008640B4 /* DataLayer.framework in Embed Frameworks */ = {isa = PBXBuildFile; fileRef = 0086DEC32A9E22C20012A493 /* DataLayer.framework */; settings = {ATTRIBUTES = (CodeSignOnCopy, RemoveHeadersOnCopy, ); }; };
		004BD86B2A9FA8B3008640B4 /* TestExtensions.swift in Sources */ = {isa = PBXBuildFile; fileRef = 004BD83E2A9F83F9008640B4 /* TestExtensions.swift */; };
		004BD86C2A9FA8C1008640B4 /* TestFactories.swift in Sources */ = {isa = PBXBuildFile; fileRef = 004BD8402A9F844B008640B4 /* TestFactories.swift */; };
		0075E41F2A9FB1F400091AD5 /* Alamofire in Frameworks */ = {isa = PBXBuildFile; productRef = 0075E41E2A9FB1F400091AD5 /* Alamofire */; };
		0086DEBB2A9E20CE0012A493 /* AddAccount.swift in Sources */ = {isa = PBXBuildFile; fileRef = 0086DEBA2A9E20CE0012A493 /* AddAccount.swift */; };
		0086DEBD2A9E220A0012A493 /* AccountModel.swift in Sources */ = {isa = PBXBuildFile; fileRef = 0086DEBC2A9E220A0012A493 /* AccountModel.swift */; };
		0086DECB2A9E22C30012A493 /* DataLayer.framework in Frameworks */ = {isa = PBXBuildFile; fileRef = 0086DEC32A9E22C20012A493 /* DataLayer.framework */; };
		0086DED02A9E22C30012A493 /* RemoteAddAccountTests.swift in Sources */ = {isa = PBXBuildFile; fileRef = 0086DECF2A9E22C30012A493 /* RemoteAddAccountTests.swift */; };
		0086DED92A9E231A0012A493 /* Domain.framework in Frameworks */ = {isa = PBXBuildFile; fileRef = 0086DEB32A9E1F040012A493 /* Domain.framework */; };
		0086DEDA2A9E231A0012A493 /* Domain.framework in Embed Frameworks */ = {isa = PBXBuildFile; fileRef = 0086DEB32A9E1F040012A493 /* Domain.framework */; settings = {ATTRIBUTES = (CodeSignOnCopy, RemoveHeadersOnCopy, ); }; };
		0086DEE12A9E77A70012A493 /* Model.swift in Sources */ = {isa = PBXBuildFile; fileRef = 0086DEE02A9E77A70012A493 /* Model.swift */; };
		0086DEE32A9E7A280012A493 /* RemoteAddAccount.swift in Sources */ = {isa = PBXBuildFile; fileRef = 0086DEE22A9E7A280012A493 /* RemoteAddAccount.swift */; };
		0086DEE52A9E7A780012A493 /* HttpPostClient.swift in Sources */ = {isa = PBXBuildFile; fileRef = 0086DEE42A9E7A780012A493 /* HttpPostClient.swift */; };
/* End PBXBuildFile section */

/* Begin PBXContainerItemProxy section */
		004BD8552A9FA762008640B4 /* PBXContainerItemProxy */ = {
			isa = PBXContainerItemProxy;
			containerPortal = 0086DE9B2A9E1E760012A493 /* Project object */;
			proxyType = 1;
			remoteGlobalIDString = 004BD84B2A9FA761008640B4;
			remoteInfo = Infra;
		};
		004BD8672A9FA884008640B4 /* PBXContainerItemProxy */ = {
			isa = PBXContainerItemProxy;
			containerPortal = 0086DE9B2A9E1E760012A493 /* Project object */;
			proxyType = 1;
			remoteGlobalIDString = 0086DEC22A9E22C20012A493;
			remoteInfo = DataLayer;
		};
		0086DECC2A9E22C30012A493 /* PBXContainerItemProxy */ = {
			isa = PBXContainerItemProxy;
			containerPortal = 0086DE9B2A9E1E760012A493 /* Project object */;
			proxyType = 1;
			remoteGlobalIDString = 0086DEC22A9E22C20012A493;
			remoteInfo = DataLayer;
		};
		0086DEDB2A9E231A0012A493 /* PBXContainerItemProxy */ = {
			isa = PBXContainerItemProxy;
			containerPortal = 0086DE9B2A9E1E760012A493 /* Project object */;
			proxyType = 1;
			remoteGlobalIDString = 0086DEB22A9E1F040012A493;
			remoteInfo = Domain;
		};
/* End PBXContainerItemProxy section */

/* Begin PBXCopyFilesBuildPhase section */
		004BD8692A9FA884008640B4 /* Embed Frameworks */ = {
			isa = PBXCopyFilesBuildPhase;
			buildActionMask = 2147483647;
			dstPath = "";
			dstSubfolderSpec = 10;
			files = (
				004BD8662A9FA884008640B4 /* DataLayer.framework in Embed Frameworks */,
			);
			name = "Embed Frameworks";
			runOnlyForDeploymentPostprocessing = 0;
		};
		0086DEDD2A9E231A0012A493 /* Embed Frameworks */ = {
			isa = PBXCopyFilesBuildPhase;
			buildActionMask = 2147483647;
			dstPath = "";
			dstSubfolderSpec = 10;
			files = (
				0086DEDA2A9E231A0012A493 /* Domain.framework in Embed Frameworks */,
			);
			name = "Embed Frameworks";
			runOnlyForDeploymentPostprocessing = 0;
		};
/* End PBXCopyFilesBuildPhase section */

/* Begin PBXFileReference section */
		004BD8352A9F63B0008640B4 /* DomainError.swift */ = {isa = PBXFileReference; lastKnownFileType = sourcecode.swift; path = DomainError.swift; sourceTree = "<group>"; };
		004BD8382A9F65CE008640B4 /* HttpError.swift */ = {isa = PBXFileReference; lastKnownFileType = sourcecode.swift; path = HttpError.swift; sourceTree = "<group>"; };
		004BD83B2A9F6E55008640B4 /* ExtensionHelpers.swift */ = {isa = PBXFileReference; lastKnownFileType = sourcecode.swift; path = ExtensionHelpers.swift; sourceTree = "<group>"; };
		004BD83E2A9F83F9008640B4 /* TestExtensions.swift */ = {isa = PBXFileReference; lastKnownFileType = sourcecode.swift; path = TestExtensions.swift; sourceTree = "<group>"; };
		004BD8402A9F844B008640B4 /* TestFactories.swift */ = {isa = PBXFileReference; lastKnownFileType = sourcecode.swift; path = TestFactories.swift; sourceTree = "<group>"; };
		004BD8432A9F8495008640B4 /* HttpClientSpy.swift */ = {isa = PBXFileReference; lastKnownFileType = sourcecode.swift; path = HttpClientSpy.swift; sourceTree = "<group>"; };
		004BD8452A9F84DA008640B4 /* AccountModelFactory.swift */ = {isa = PBXFileReference; lastKnownFileType = sourcecode.swift; path = AccountModelFactory.swift; sourceTree = "<group>"; };
		004BD84C2A9FA761008640B4 /* Infra.framework */ = {isa = PBXFileReference; explicitFileType = wrapper.framework; includeInIndex = 0; path = Infra.framework; sourceTree = BUILT_PRODUCTS_DIR; };
		004BD8532A9FA762008640B4 /* InfraTests.xctest */ = {isa = PBXFileReference; explicitFileType = wrapper.cfbundle; includeInIndex = 0; path = InfraTests.xctest; sourceTree = BUILT_PRODUCTS_DIR; };
		004BD8582A9FA763008640B4 /* InfraTests.swift */ = {isa = PBXFileReference; lastKnownFileType = sourcecode.swift; path = InfraTests.swift; sourceTree = "<group>"; };
		0086DEA42A9E1E760012A493 /* CleanApp.framework */ = {isa = PBXFileReference; explicitFileType = wrapper.framework; includeInIndex = 0; path = CleanApp.framework; sourceTree = BUILT_PRODUCTS_DIR; };
		0086DEB32A9E1F040012A493 /* Domain.framework */ = {isa = PBXFileReference; explicitFileType = wrapper.framework; includeInIndex = 0; path = Domain.framework; sourceTree = BUILT_PRODUCTS_DIR; };
		0086DEBA2A9E20CE0012A493 /* AddAccount.swift */ = {isa = PBXFileReference; lastKnownFileType = sourcecode.swift; path = AddAccount.swift; sourceTree = "<group>"; };
		0086DEBC2A9E220A0012A493 /* AccountModel.swift */ = {isa = PBXFileReference; lastKnownFileType = sourcecode.swift; path = AccountModel.swift; sourceTree = "<group>"; };
		0086DEC32A9E22C20012A493 /* DataLayer.framework */ = {isa = PBXFileReference; explicitFileType = wrapper.framework; includeInIndex = 0; path = DataLayer.framework; sourceTree = BUILT_PRODUCTS_DIR; };
		0086DECA2A9E22C30012A493 /* DataLayerTests.xctest */ = {isa = PBXFileReference; explicitFileType = wrapper.cfbundle; includeInIndex = 0; path = DataLayerTests.xctest; sourceTree = BUILT_PRODUCTS_DIR; };
		0086DECF2A9E22C30012A493 /* RemoteAddAccountTests.swift */ = {isa = PBXFileReference; lastKnownFileType = sourcecode.swift; path = RemoteAddAccountTests.swift; sourceTree = "<group>"; };
		0086DEE02A9E77A70012A493 /* Model.swift */ = {isa = PBXFileReference; lastKnownFileType = sourcecode.swift; path = Model.swift; sourceTree = "<group>"; };
		0086DEE22A9E7A280012A493 /* RemoteAddAccount.swift */ = {isa = PBXFileReference; lastKnownFileType = sourcecode.swift; path = RemoteAddAccount.swift; sourceTree = "<group>"; };
		0086DEE42A9E7A780012A493 /* HttpPostClient.swift */ = {isa = PBXFileReference; lastKnownFileType = sourcecode.swift; path = HttpPostClient.swift; sourceTree = "<group>"; };
/* End PBXFileReference section */

/* Begin PBXFrameworksBuildPhase section */
		004BD8492A9FA761008640B4 /* Frameworks */ = {
			isa = PBXFrameworksBuildPhase;
			buildActionMask = 2147483647;
			files = (
				004BD8652A9FA884008640B4 /* DataLayer.framework in Frameworks */,
				0075E41F2A9FB1F400091AD5 /* Alamofire in Frameworks */,
			);
			runOnlyForDeploymentPostprocessing = 0;
		};
		004BD8502A9FA762008640B4 /* Frameworks */ = {
			isa = PBXFrameworksBuildPhase;
			buildActionMask = 2147483647;
			files = (
				004BD8542A9FA762008640B4 /* Infra.framework in Frameworks */,
			);
			runOnlyForDeploymentPostprocessing = 0;
		};
		0086DEA12A9E1E760012A493 /* Frameworks */ = {
			isa = PBXFrameworksBuildPhase;
			buildActionMask = 2147483647;
			files = (
			);
			runOnlyForDeploymentPostprocessing = 0;
		};
		0086DEB02A9E1F040012A493 /* Frameworks */ = {
			isa = PBXFrameworksBuildPhase;
			buildActionMask = 2147483647;
			files = (
			);
			runOnlyForDeploymentPostprocessing = 0;
		};
		0086DEC02A9E22C20012A493 /* Frameworks */ = {
			isa = PBXFrameworksBuildPhase;
			buildActionMask = 2147483647;
			files = (
				0086DED92A9E231A0012A493 /* Domain.framework in Frameworks */,
			);
			runOnlyForDeploymentPostprocessing = 0;
		};
		0086DEC72A9E22C30012A493 /* Frameworks */ = {
			isa = PBXFrameworksBuildPhase;
			buildActionMask = 2147483647;
			files = (
				0086DECB2A9E22C30012A493 /* DataLayer.framework in Frameworks */,
			);
			runOnlyForDeploymentPostprocessing = 0;
		};
/* End PBXFrameworksBuildPhase section */

/* Begin PBXGroup section */
		004BD8342A9F639F008640B4 /* Errors */ = {
			isa = PBXGroup;
			children = (
				004BD8352A9F63B0008640B4 /* DomainError.swift */,
			);
			path = Errors;
			sourceTree = "<group>";
		};
		004BD8372A9F65C2008640B4 /* Http */ = {
			isa = PBXGroup;
			children = (
				004BD8382A9F65CE008640B4 /* HttpError.swift */,
			);
			path = Http;
			sourceTree = "<group>";
		};
		004BD83A2A9F6E47008640B4 /* Helpers */ = {
			isa = PBXGroup;
			children = (
				004BD83B2A9F6E55008640B4 /* ExtensionHelpers.swift */,
			);
			path = Helpers;
			sourceTree = "<group>";
		};
		004BD83D2A9F83D5008640B4 /* Helpers */ = {
			isa = PBXGroup;
			children = (
				004BD83E2A9F83F9008640B4 /* TestExtensions.swift */,
				004BD8402A9F844B008640B4 /* TestFactories.swift */,
				004BD8452A9F84DA008640B4 /* AccountModelFactory.swift */,
			);
			path = Helpers;
			sourceTree = "<group>";
		};
		004BD8422A9F8485008640B4 /* Http */ = {
			isa = PBXGroup;
			children = (
				004BD8432A9F8495008640B4 /* HttpClientSpy.swift */,
			);
			path = Http;
			sourceTree = "<group>";
		};
		004BD84D2A9FA761008640B4 /* Infra */ = {
			isa = PBXGroup;
			children = (
			);
			path = Infra;
			sourceTree = "<group>";
		};
		004BD8572A9FA763008640B4 /* InfraTests */ = {
			isa = PBXGroup;
			children = (
				004BD8582A9FA763008640B4 /* InfraTests.swift */,
			);
			path = InfraTests;
			sourceTree = "<group>";
		};
		0086DE9A2A9E1E760012A493 = {
			isa = PBXGroup;
			children = (
				0086DEA62A9E1E760012A493 /* CleanApp */,
				0086DEB42A9E1F040012A493 /* Domain */,
				0086DEC42A9E22C20012A493 /* DataLayer */,
				0086DECE2A9E22C30012A493 /* DataLayerTests */,
				004BD84D2A9FA761008640B4 /* Infra */,
				004BD8572A9FA763008640B4 /* InfraTests */,
				0086DEA52A9E1E760012A493 /* Products */,
				0086DED82A9E231A0012A493 /* Frameworks */,
			);
			sourceTree = "<group>";
		};
		0086DEA52A9E1E760012A493 /* Products */ = {
			isa = PBXGroup;
			children = (
				0086DEA42A9E1E760012A493 /* CleanApp.framework */,
				0086DEB32A9E1F040012A493 /* Domain.framework */,
				0086DEC32A9E22C20012A493 /* DataLayer.framework */,
				0086DECA2A9E22C30012A493 /* DataLayerTests.xctest */,
				004BD84C2A9FA761008640B4 /* Infra.framework */,
				004BD8532A9FA762008640B4 /* InfraTests.xctest */,
			);
			name = Products;
			sourceTree = "<group>";
		};
		0086DEA62A9E1E760012A493 /* CleanApp */ = {
			isa = PBXGroup;
			children = (
			);
			path = CleanApp;
			sourceTree = "<group>";
		};
		0086DEB42A9E1F040012A493 /* Domain */ = {
			isa = PBXGroup;
			children = (
				004BD8342A9F639F008640B4 /* Errors */,
				0086DEE72A9E7B4E0012A493 /* Model */,
				0086DEE62A9E7B450012A493 /* UseCases */,
			);
			path = Domain;
			sourceTree = "<group>";
		};
		0086DEC42A9E22C20012A493 /* DataLayer */ = {
			isa = PBXGroup;
			children = (
				004BD83A2A9F6E47008640B4 /* Helpers */,
				004BD8372A9F65C2008640B4 /* Http */,
				0086DEE92A9E7B5C0012A493 /* HttpClient */,
				0086DEE82A9E7B540012A493 /* UseCases */,
			);
			path = DataLayer;
			sourceTree = "<group>";
		};
		0086DECE2A9E22C30012A493 /* DataLayerTests */ = {
			isa = PBXGroup;
			children = (
				004BD8422A9F8485008640B4 /* Http */,
				004BD83D2A9F83D5008640B4 /* Helpers */,
				0086DEEA2A9E7B760012A493 /* UseCase */,
			);
			path = DataLayerTests;
			sourceTree = "<group>";
		};
		0086DED82A9E231A0012A493 /* Frameworks */ = {
			isa = PBXGroup;
			children = (
			);
			name = Frameworks;
			sourceTree = "<group>";
		};
		0086DEE62A9E7B450012A493 /* UseCases */ = {
			isa = PBXGroup;
			children = (
				0086DEBA2A9E20CE0012A493 /* AddAccount.swift */,
			);
			path = UseCases;
			sourceTree = "<group>";
		};
		0086DEE72A9E7B4E0012A493 /* Model */ = {
			isa = PBXGroup;
			children = (
				0086DEBC2A9E220A0012A493 /* AccountModel.swift */,
				0086DEE02A9E77A70012A493 /* Model.swift */,
			);
			path = Model;
			sourceTree = "<group>";
		};
		0086DEE82A9E7B540012A493 /* UseCases */ = {
			isa = PBXGroup;
			children = (
				0086DEE22A9E7A280012A493 /* RemoteAddAccount.swift */,
			);
			path = UseCases;
			sourceTree = "<group>";
		};
		0086DEE92A9E7B5C0012A493 /* HttpClient */ = {
			isa = PBXGroup;
			children = (
				0086DEE42A9E7A780012A493 /* HttpPostClient.swift */,
			);
			path = HttpClient;
			sourceTree = "<group>";
		};
		0086DEEA2A9E7B760012A493 /* UseCase */ = {
			isa = PBXGroup;
			children = (
				0086DECF2A9E22C30012A493 /* RemoteAddAccountTests.swift */,
			);
			path = UseCase;
			sourceTree = "<group>";
		};
/* End PBXGroup section */

/* Begin PBXHeadersBuildPhase section */
		004BD8472A9FA761008640B4 /* Headers */ = {
			isa = PBXHeadersBuildPhase;
			buildActionMask = 2147483647;
			files = (
			);
			runOnlyForDeploymentPostprocessing = 0;
		};
		0086DE9F2A9E1E760012A493 /* Headers */ = {
			isa = PBXHeadersBuildPhase;
			buildActionMask = 2147483647;
			files = (
			);
			runOnlyForDeploymentPostprocessing = 0;
		};
		0086DEAE2A9E1F040012A493 /* Headers */ = {
			isa = PBXHeadersBuildPhase;
			buildActionMask = 2147483647;
			files = (
			);
			runOnlyForDeploymentPostprocessing = 0;
		};
		0086DEBE2A9E22C20012A493 /* Headers */ = {
			isa = PBXHeadersBuildPhase;
			buildActionMask = 2147483647;
			files = (
			);
			runOnlyForDeploymentPostprocessing = 0;
		};
/* End PBXHeadersBuildPhase section */

/* Begin PBXNativeTarget section */
		004BD84B2A9FA761008640B4 /* Infra */ = {
			isa = PBXNativeTarget;
			buildConfigurationList = 004BD85B2A9FA763008640B4 /* Build configuration list for PBXNativeTarget "Infra" */;
			buildPhases = (
				004BD8472A9FA761008640B4 /* Headers */,
				004BD8482A9FA761008640B4 /* Sources */,
				004BD8492A9FA761008640B4 /* Frameworks */,
				004BD84A2A9FA761008640B4 /* Resources */,
				004BD8692A9FA884008640B4 /* Embed Frameworks */,
			);
			buildRules = (
			);
			dependencies = (
				004BD8682A9FA884008640B4 /* PBXTargetDependency */,
			);
			name = Infra;
			packageProductDependencies = (
				0075E41E2A9FB1F400091AD5 /* Alamofire */,
			);
			productName = Infra;
			productReference = 004BD84C2A9FA761008640B4 /* Infra.framework */;
			productType = "com.apple.product-type.framework";
		};
		004BD8522A9FA762008640B4 /* InfraTests */ = {
			isa = PBXNativeTarget;
			buildConfigurationList = 004BD85E2A9FA763008640B4 /* Build configuration list for PBXNativeTarget "InfraTests" */;
			buildPhases = (
				004BD84F2A9FA762008640B4 /* Sources */,
				004BD8502A9FA762008640B4 /* Frameworks */,
				004BD8512A9FA762008640B4 /* Resources */,
			);
			buildRules = (
			);
			dependencies = (
				004BD8562A9FA762008640B4 /* PBXTargetDependency */,
			);
			name = InfraTests;
			productName = InfraTests;
			productReference = 004BD8532A9FA762008640B4 /* InfraTests.xctest */;
			productType = "com.apple.product-type.bundle.unit-test";
		};
		0086DEA32A9E1E760012A493 /* CleanApp */ = {
			isa = PBXNativeTarget;
			buildConfigurationList = 0086DEAB2A9E1E760012A493 /* Build configuration list for PBXNativeTarget "CleanApp" */;
			buildPhases = (
				0086DE9F2A9E1E760012A493 /* Headers */,
				0086DEA02A9E1E760012A493 /* Sources */,
				0086DEA12A9E1E760012A493 /* Frameworks */,
				0086DEA22A9E1E760012A493 /* Resources */,
			);
			buildRules = (
			);
			dependencies = (
			);
			name = CleanApp;
			productName = CleanApp;
			productReference = 0086DEA42A9E1E760012A493 /* CleanApp.framework */;
			productType = "com.apple.product-type.framework";
		};
		0086DEB22A9E1F040012A493 /* Domain */ = {
			isa = PBXNativeTarget;
			buildConfigurationList = 0086DEB72A9E1F040012A493 /* Build configuration list for PBXNativeTarget "Domain" */;
			buildPhases = (
				0086DEAE2A9E1F040012A493 /* Headers */,
				0086DEAF2A9E1F040012A493 /* Sources */,
				0086DEB02A9E1F040012A493 /* Frameworks */,
				0086DEB12A9E1F040012A493 /* Resources */,
			);
			buildRules = (
			);
			dependencies = (
			);
			name = Domain;
			productName = Domain;
			productReference = 0086DEB32A9E1F040012A493 /* Domain.framework */;
			productType = "com.apple.product-type.framework";
		};
		0086DEC22A9E22C20012A493 /* DataLayer */ = {
			isa = PBXNativeTarget;
			buildConfigurationList = 0086DED22A9E22C30012A493 /* Build configuration list for PBXNativeTarget "DataLayer" */;
			buildPhases = (
				0086DEBE2A9E22C20012A493 /* Headers */,
				0086DEBF2A9E22C20012A493 /* Sources */,
				0086DEC02A9E22C20012A493 /* Frameworks */,
				0086DEC12A9E22C20012A493 /* Resources */,
				0086DEDD2A9E231A0012A493 /* Embed Frameworks */,
			);
			buildRules = (
			);
			dependencies = (
				0086DEDC2A9E231A0012A493 /* PBXTargetDependency */,
			);
			name = DataLayer;
			productName = DataLayer;
			productReference = 0086DEC32A9E22C20012A493 /* DataLayer.framework */;
			productType = "com.apple.product-type.framework";
		};
		0086DEC92A9E22C30012A493 /* DataLayerTests */ = {
			isa = PBXNativeTarget;
			buildConfigurationList = 0086DED52A9E22C30012A493 /* Build configuration list for PBXNativeTarget "DataLayerTests" */;
			buildPhases = (
				0086DEC62A9E22C30012A493 /* Sources */,
				0086DEC72A9E22C30012A493 /* Frameworks */,
				0086DEC82A9E22C30012A493 /* Resources */,
			);
			buildRules = (
			);
			dependencies = (
				0086DECD2A9E22C30012A493 /* PBXTargetDependency */,
			);
			name = DataLayerTests;
			productName = DataLayerTests;
			productReference = 0086DECA2A9E22C30012A493 /* DataLayerTests.xctest */;
			productType = "com.apple.product-type.bundle.unit-test";
		};
/* End PBXNativeTarget section */

/* Begin PBXProject section */
		0086DE9B2A9E1E760012A493 /* Project object */ = {
			isa = PBXProject;
			attributes = {
				BuildIndependentTargetsInParallel = 1;
				LastSwiftUpdateCheck = 1420;
				LastUpgradeCheck = 1420;
				TargetAttributes = {
					004BD84B2A9FA761008640B4 = {
						CreatedOnToolsVersion = 14.2;
						LastSwiftMigration = 1420;
					};
					004BD8522A9FA762008640B4 = {
						CreatedOnToolsVersion = 14.2;
					};
					0086DEA32A9E1E760012A493 = {
						CreatedOnToolsVersion = 14.2;
					};
					0086DEB22A9E1F040012A493 = {
						CreatedOnToolsVersion = 14.2;
						LastSwiftMigration = 1420;
					};
					0086DEC22A9E22C20012A493 = {
						CreatedOnToolsVersion = 14.2;
						LastSwiftMigration = 1420;
					};
					0086DEC92A9E22C30012A493 = {
						CreatedOnToolsVersion = 14.2;
					};
				};
			};
			buildConfigurationList = 0086DE9E2A9E1E760012A493 /* Build configuration list for PBXProject "CleanApp" */;
			compatibilityVersion = "Xcode 14.0";
			developmentRegion = en;
			hasScannedForEncodings = 0;
			knownRegions = (
				en,
				Base,
			);
			mainGroup = 0086DE9A2A9E1E760012A493;
			packageReferences = (
				0075E41D2A9FB1F400091AD5 /* XCRemoteSwiftPackageReference "Alamofire" */,
			);
			productRefGroup = 0086DEA52A9E1E760012A493 /* Products */;
			projectDirPath = "";
			projectRoot = "";
			targets = (
				0086DEA32A9E1E760012A493 /* CleanApp */,
				0086DEB22A9E1F040012A493 /* Domain */,
				0086DEC22A9E22C20012A493 /* DataLayer */,
				0086DEC92A9E22C30012A493 /* DataLayerTests */,
				004BD84B2A9FA761008640B4 /* Infra */,
				004BD8522A9FA762008640B4 /* InfraTests */,
			);
		};
/* End PBXProject section */

/* Begin PBXResourcesBuildPhase section */
		004BD84A2A9FA761008640B4 /* Resources */ = {
			isa = PBXResourcesBuildPhase;
			buildActionMask = 2147483647;
			files = (
			);
			runOnlyForDeploymentPostprocessing = 0;
		};
		004BD8512A9FA762008640B4 /* Resources */ = {
			isa = PBXResourcesBuildPhase;
			buildActionMask = 2147483647;
			files = (
			);
			runOnlyForDeploymentPostprocessing = 0;
		};
		0086DEA22A9E1E760012A493 /* Resources */ = {
			isa = PBXResourcesBuildPhase;
			buildActionMask = 2147483647;
			files = (
			);
			runOnlyForDeploymentPostprocessing = 0;
		};
		0086DEB12A9E1F040012A493 /* Resources */ = {
			isa = PBXResourcesBuildPhase;
			buildActionMask = 2147483647;
			files = (
			);
			runOnlyForDeploymentPostprocessing = 0;
		};
		0086DEC12A9E22C20012A493 /* Resources */ = {
			isa = PBXResourcesBuildPhase;
			buildActionMask = 2147483647;
			files = (
			);
			runOnlyForDeploymentPostprocessing = 0;
		};
		0086DEC82A9E22C30012A493 /* Resources */ = {
			isa = PBXResourcesBuildPhase;
			buildActionMask = 2147483647;
			files = (
			);
			runOnlyForDeploymentPostprocessing = 0;
		};
/* End PBXResourcesBuildPhase section */

/* Begin PBXSourcesBuildPhase section */
		004BD8482A9FA761008640B4 /* Sources */ = {
			isa = PBXSourcesBuildPhase;
			buildActionMask = 2147483647;
			files = (
			);
			runOnlyForDeploymentPostprocessing = 0;
		};
		004BD84F2A9FA762008640B4 /* Sources */ = {
			isa = PBXSourcesBuildPhase;
			buildActionMask = 2147483647;
			files = (
				004BD86C2A9FA8C1008640B4 /* TestFactories.swift in Sources */,
				004BD8592A9FA763008640B4 /* InfraTests.swift in Sources */,
				004BD86B2A9FA8B3008640B4 /* TestExtensions.swift in Sources */,
			);
			runOnlyForDeploymentPostprocessing = 0;
		};
		0086DEA02A9E1E760012A493 /* Sources */ = {
			isa = PBXSourcesBuildPhase;
			buildActionMask = 2147483647;
			files = (
			);
			runOnlyForDeploymentPostprocessing = 0;
		};
		0086DEAF2A9E1F040012A493 /* Sources */ = {
			isa = PBXSourcesBuildPhase;
			buildActionMask = 2147483647;
			files = (
				0086DEE12A9E77A70012A493 /* Model.swift in Sources */,
				0086DEBB2A9E20CE0012A493 /* AddAccount.swift in Sources */,
				004BD8362A9F63B0008640B4 /* DomainError.swift in Sources */,
				0086DEBD2A9E220A0012A493 /* AccountModel.swift in Sources */,
			);
			runOnlyForDeploymentPostprocessing = 0;
		};
		0086DEBF2A9E22C20012A493 /* Sources */ = {
			isa = PBXSourcesBuildPhase;
			buildActionMask = 2147483647;
			files = (
				0086DEE52A9E7A780012A493 /* HttpPostClient.swift in Sources */,
				004BD83C2A9F6E55008640B4 /* ExtensionHelpers.swift in Sources */,
				004BD8392A9F65CE008640B4 /* HttpError.swift in Sources */,
				0086DEE32A9E7A280012A493 /* RemoteAddAccount.swift in Sources */,
			);
			runOnlyForDeploymentPostprocessing = 0;
		};
		0086DEC62A9E22C30012A493 /* Sources */ = {
			isa = PBXSourcesBuildPhase;
			buildActionMask = 2147483647;
			files = (
				004BD8412A9F844B008640B4 /* TestFactories.swift in Sources */,
				004BD8442A9F8495008640B4 /* HttpClientSpy.swift in Sources */,
				0086DED02A9E22C30012A493 /* RemoteAddAccountTests.swift in Sources */,
				004BD8462A9F84DA008640B4 /* AccountModelFactory.swift in Sources */,
				004BD83F2A9F83F9008640B4 /* TestExtensions.swift in Sources */,
			);
			runOnlyForDeploymentPostprocessing = 0;
		};
/* End PBXSourcesBuildPhase section */

/* Begin PBXTargetDependency section */
		004BD8562A9FA762008640B4 /* PBXTargetDependency */ = {
			isa = PBXTargetDependency;
			target = 004BD84B2A9FA761008640B4 /* Infra */;
			targetProxy = 004BD8552A9FA762008640B4 /* PBXContainerItemProxy */;
		};
		004BD8682A9FA884008640B4 /* PBXTargetDependency */ = {
			isa = PBXTargetDependency;
			target = 0086DEC22A9E22C20012A493 /* DataLayer */;
			targetProxy = 004BD8672A9FA884008640B4 /* PBXContainerItemProxy */;
		};
		0086DECD2A9E22C30012A493 /* PBXTargetDependency */ = {
			isa = PBXTargetDependency;
			target = 0086DEC22A9E22C20012A493 /* DataLayer */;
			targetProxy = 0086DECC2A9E22C30012A493 /* PBXContainerItemProxy */;
		};
		0086DEDC2A9E231A0012A493 /* PBXTargetDependency */ = {
			isa = PBXTargetDependency;
			target = 0086DEB22A9E1F040012A493 /* Domain */;
			targetProxy = 0086DEDB2A9E231A0012A493 /* PBXContainerItemProxy */;
		};
/* End PBXTargetDependency section */

/* Begin XCBuildConfiguration section */
		004BD85C2A9FA763008640B4 /* Debug */ = {
			isa = XCBuildConfiguration;
			buildSettings = {
				CLANG_ENABLE_MODULES = YES;
				CODE_SIGN_STYLE = Automatic;
				COMBINE_HIDPI_IMAGES = YES;
				CURRENT_PROJECT_VERSION = 1;
				DEFINES_MODULE = YES;
				DYLIB_COMPATIBILITY_VERSION = 1;
				DYLIB_CURRENT_VERSION = 1;
				DYLIB_INSTALL_NAME_BASE = "@rpath";
				GENERATE_INFOPLIST_FILE = YES;
				INFOPLIST_KEY_NSHumanReadableCopyright = "";
				INSTALL_PATH = "$(LOCAL_LIBRARY_DIR)/Frameworks";
				LD_RUNPATH_SEARCH_PATHS = (
					"$(inherited)",
					"@executable_path/../Frameworks",
					"@loader_path/Frameworks",
				);
				MACOSX_DEPLOYMENT_TARGET = 12.6;
				MARKETING_VERSION = 1.0;
				PRODUCT_BUNDLE_IDENTIFIER = biancabutti.Infra;
				PRODUCT_NAME = "$(TARGET_NAME:c99extidentifier)";
				SDKROOT = macosx;
				SKIP_INSTALL = YES;
				SWIFT_EMIT_LOC_STRINGS = YES;
				SWIFT_OPTIMIZATION_LEVEL = "-Onone";
				SWIFT_VERSION = 5.0;
			};
			name = Debug;
		};
		004BD85D2A9FA763008640B4 /* Release */ = {
			isa = XCBuildConfiguration;
			buildSettings = {
				CLANG_ENABLE_MODULES = YES;
				CODE_SIGN_STYLE = Automatic;
				COMBINE_HIDPI_IMAGES = YES;
				CURRENT_PROJECT_VERSION = 1;
				DEFINES_MODULE = YES;
				DYLIB_COMPATIBILITY_VERSION = 1;
				DYLIB_CURRENT_VERSION = 1;
				DYLIB_INSTALL_NAME_BASE = "@rpath";
				GENERATE_INFOPLIST_FILE = YES;
				INFOPLIST_KEY_NSHumanReadableCopyright = "";
				INSTALL_PATH = "$(LOCAL_LIBRARY_DIR)/Frameworks";
				LD_RUNPATH_SEARCH_PATHS = (
					"$(inherited)",
					"@executable_path/../Frameworks",
					"@loader_path/Frameworks",
				);
				MACOSX_DEPLOYMENT_TARGET = 12.6;
				MARKETING_VERSION = 1.0;
				PRODUCT_BUNDLE_IDENTIFIER = biancabutti.Infra;
				PRODUCT_NAME = "$(TARGET_NAME:c99extidentifier)";
				SDKROOT = macosx;
				SKIP_INSTALL = YES;
				SWIFT_EMIT_LOC_STRINGS = YES;
				SWIFT_VERSION = 5.0;
			};
			name = Release;
		};
		004BD85F2A9FA763008640B4 /* Debug */ = {
			isa = XCBuildConfiguration;
			buildSettings = {
				CODE_SIGN_STYLE = Automatic;
				CURRENT_PROJECT_VERSION = 1;
				GENERATE_INFOPLIST_FILE = YES;
				MACOSX_DEPLOYMENT_TARGET = 12.6;
				MARKETING_VERSION = 1.0;
				PRODUCT_BUNDLE_IDENTIFIER = biancabutti.InfraTests;
				PRODUCT_NAME = "$(TARGET_NAME)";
				SDKROOT = macosx;
				SWIFT_EMIT_LOC_STRINGS = NO;
				SWIFT_VERSION = 5.0;
			};
			name = Debug;
		};
		004BD8602A9FA763008640B4 /* Release */ = {
			isa = XCBuildConfiguration;
			buildSettings = {
				CODE_SIGN_STYLE = Automatic;
				CURRENT_PROJECT_VERSION = 1;
				GENERATE_INFOPLIST_FILE = YES;
				MACOSX_DEPLOYMENT_TARGET = 12.6;
				MARKETING_VERSION = 1.0;
				PRODUCT_BUNDLE_IDENTIFIER = biancabutti.InfraTests;
				PRODUCT_NAME = "$(TARGET_NAME)";
				SDKROOT = macosx;
				SWIFT_EMIT_LOC_STRINGS = NO;
				SWIFT_VERSION = 5.0;
			};
			name = Release;
		};
		0086DEA92A9E1E760012A493 /* Debug */ = {
			isa = XCBuildConfiguration;
			buildSettings = {
				ALWAYS_SEARCH_USER_PATHS = NO;
				CLANG_ANALYZER_NONNULL = YES;
				CLANG_ANALYZER_NUMBER_OBJECT_CONVERSION = YES_AGGRESSIVE;
				CLANG_CXX_LANGUAGE_STANDARD = "gnu++20";
				CLANG_ENABLE_MODULES = YES;
				CLANG_ENABLE_OBJC_ARC = YES;
				CLANG_ENABLE_OBJC_WEAK = YES;
				CLANG_WARN_BLOCK_CAPTURE_AUTORELEASING = YES;
				CLANG_WARN_BOOL_CONVERSION = YES;
				CLANG_WARN_COMMA = YES;
				CLANG_WARN_CONSTANT_CONVERSION = YES;
				CLANG_WARN_DEPRECATED_OBJC_IMPLEMENTATIONS = YES;
				CLANG_WARN_DIRECT_OBJC_ISA_USAGE = YES_ERROR;
				CLANG_WARN_DOCUMENTATION_COMMENTS = YES;
				CLANG_WARN_EMPTY_BODY = YES;
				CLANG_WARN_ENUM_CONVERSION = YES;
				CLANG_WARN_INFINITE_RECURSION = YES;
				CLANG_WARN_INT_CONVERSION = YES;
				CLANG_WARN_NON_LITERAL_NULL_CONVERSION = YES;
				CLANG_WARN_OBJC_IMPLICIT_RETAIN_SELF = YES;
				CLANG_WARN_OBJC_LITERAL_CONVERSION = YES;
				CLANG_WARN_OBJC_ROOT_CLASS = YES_ERROR;
				CLANG_WARN_QUOTED_INCLUDE_IN_FRAMEWORK_HEADER = YES;
				CLANG_WARN_RANGE_LOOP_ANALYSIS = YES;
				CLANG_WARN_STRICT_PROTOTYPES = YES;
				CLANG_WARN_SUSPICIOUS_MOVE = YES;
				CLANG_WARN_UNGUARDED_AVAILABILITY = YES_AGGRESSIVE;
				CLANG_WARN_UNREACHABLE_CODE = YES;
				CLANG_WARN__DUPLICATE_METHOD_MATCH = YES;
				COPY_PHASE_STRIP = NO;
				CURRENT_PROJECT_VERSION = 1;
				DEBUG_INFORMATION_FORMAT = dwarf;
				ENABLE_STRICT_OBJC_MSGSEND = YES;
				ENABLE_TESTABILITY = YES;
				GCC_C_LANGUAGE_STANDARD = gnu11;
				GCC_DYNAMIC_NO_PIC = NO;
				GCC_NO_COMMON_BLOCKS = YES;
				GCC_OPTIMIZATION_LEVEL = 0;
				GCC_PREPROCESSOR_DEFINITIONS = (
					"DEBUG=1",
					"$(inherited)",
				);
				GCC_WARN_64_TO_32_BIT_CONVERSION = YES;
				GCC_WARN_ABOUT_RETURN_TYPE = YES_ERROR;
				GCC_WARN_UNDECLARED_SELECTOR = YES;
				GCC_WARN_UNINITIALIZED_AUTOS = YES_AGGRESSIVE;
				GCC_WARN_UNUSED_FUNCTION = YES;
				GCC_WARN_UNUSED_VARIABLE = YES;
				IPHONEOS_DEPLOYMENT_TARGET = 16.2;
				MTL_ENABLE_DEBUG_INFO = INCLUDE_SOURCE;
				MTL_FAST_MATH = YES;
				ONLY_ACTIVE_ARCH = YES;
				SDKROOT = iphoneos;
				SWIFT_ACTIVE_COMPILATION_CONDITIONS = DEBUG;
				SWIFT_OPTIMIZATION_LEVEL = "-Onone";
				VERSIONING_SYSTEM = "apple-generic";
				VERSION_INFO_PREFIX = "";
			};
			name = Debug;
		};
		0086DEAA2A9E1E760012A493 /* Release */ = {
			isa = XCBuildConfiguration;
			buildSettings = {
				ALWAYS_SEARCH_USER_PATHS = NO;
				CLANG_ANALYZER_NONNULL = YES;
				CLANG_ANALYZER_NUMBER_OBJECT_CONVERSION = YES_AGGRESSIVE;
				CLANG_CXX_LANGUAGE_STANDARD = "gnu++20";
				CLANG_ENABLE_MODULES = YES;
				CLANG_ENABLE_OBJC_ARC = YES;
				CLANG_ENABLE_OBJC_WEAK = YES;
				CLANG_WARN_BLOCK_CAPTURE_AUTORELEASING = YES;
				CLANG_WARN_BOOL_CONVERSION = YES;
				CLANG_WARN_COMMA = YES;
				CLANG_WARN_CONSTANT_CONVERSION = YES;
				CLANG_WARN_DEPRECATED_OBJC_IMPLEMENTATIONS = YES;
				CLANG_WARN_DIRECT_OBJC_ISA_USAGE = YES_ERROR;
				CLANG_WARN_DOCUMENTATION_COMMENTS = YES;
				CLANG_WARN_EMPTY_BODY = YES;
				CLANG_WARN_ENUM_CONVERSION = YES;
				CLANG_WARN_INFINITE_RECURSION = YES;
				CLANG_WARN_INT_CONVERSION = YES;
				CLANG_WARN_NON_LITERAL_NULL_CONVERSION = YES;
				CLANG_WARN_OBJC_IMPLICIT_RETAIN_SELF = YES;
				CLANG_WARN_OBJC_LITERAL_CONVERSION = YES;
				CLANG_WARN_OBJC_ROOT_CLASS = YES_ERROR;
				CLANG_WARN_QUOTED_INCLUDE_IN_FRAMEWORK_HEADER = YES;
				CLANG_WARN_RANGE_LOOP_ANALYSIS = YES;
				CLANG_WARN_STRICT_PROTOTYPES = YES;
				CLANG_WARN_SUSPICIOUS_MOVE = YES;
				CLANG_WARN_UNGUARDED_AVAILABILITY = YES_AGGRESSIVE;
				CLANG_WARN_UNREACHABLE_CODE = YES;
				CLANG_WARN__DUPLICATE_METHOD_MATCH = YES;
				COPY_PHASE_STRIP = NO;
				CURRENT_PROJECT_VERSION = 1;
				DEBUG_INFORMATION_FORMAT = "dwarf-with-dsym";
				ENABLE_NS_ASSERTIONS = NO;
				ENABLE_STRICT_OBJC_MSGSEND = YES;
				GCC_C_LANGUAGE_STANDARD = gnu11;
				GCC_NO_COMMON_BLOCKS = YES;
				GCC_WARN_64_TO_32_BIT_CONVERSION = YES;
				GCC_WARN_ABOUT_RETURN_TYPE = YES_ERROR;
				GCC_WARN_UNDECLARED_SELECTOR = YES;
				GCC_WARN_UNINITIALIZED_AUTOS = YES_AGGRESSIVE;
				GCC_WARN_UNUSED_FUNCTION = YES;
				GCC_WARN_UNUSED_VARIABLE = YES;
				IPHONEOS_DEPLOYMENT_TARGET = 16.2;
				MTL_ENABLE_DEBUG_INFO = NO;
				MTL_FAST_MATH = YES;
				SDKROOT = iphoneos;
				SWIFT_COMPILATION_MODE = wholemodule;
				SWIFT_OPTIMIZATION_LEVEL = "-O";
				VALIDATE_PRODUCT = YES;
				VERSIONING_SYSTEM = "apple-generic";
				VERSION_INFO_PREFIX = "";
			};
			name = Release;
		};
		0086DEAC2A9E1E760012A493 /* Debug */ = {
			isa = XCBuildConfiguration;
			buildSettings = {
				CODE_SIGN_STYLE = Automatic;
				CURRENT_PROJECT_VERSION = 1;
				DEFINES_MODULE = YES;
				DYLIB_COMPATIBILITY_VERSION = 1;
				DYLIB_CURRENT_VERSION = 1;
				DYLIB_INSTALL_NAME_BASE = "@rpath";
				GENERATE_INFOPLIST_FILE = YES;
				INFOPLIST_KEY_NSHumanReadableCopyright = "";
				INSTALL_PATH = "$(LOCAL_LIBRARY_DIR)/Frameworks";
				LD_RUNPATH_SEARCH_PATHS = (
					"$(inherited)",
					"@executable_path/Frameworks",
					"@loader_path/Frameworks",
				);
				MARKETING_VERSION = 1.0;
				PRODUCT_BUNDLE_IDENTIFIER = biancabutti.CleanApp;
				PRODUCT_NAME = "$(TARGET_NAME:c99extidentifier)";
				SKIP_INSTALL = YES;
				SWIFT_EMIT_LOC_STRINGS = YES;
				SWIFT_VERSION = 5.0;
				TARGETED_DEVICE_FAMILY = "1,2";
			};
			name = Debug;
		};
		0086DEAD2A9E1E760012A493 /* Release */ = {
			isa = XCBuildConfiguration;
			buildSettings = {
				CODE_SIGN_STYLE = Automatic;
				CURRENT_PROJECT_VERSION = 1;
				DEFINES_MODULE = YES;
				DYLIB_COMPATIBILITY_VERSION = 1;
				DYLIB_CURRENT_VERSION = 1;
				DYLIB_INSTALL_NAME_BASE = "@rpath";
				GENERATE_INFOPLIST_FILE = YES;
				INFOPLIST_KEY_NSHumanReadableCopyright = "";
				INSTALL_PATH = "$(LOCAL_LIBRARY_DIR)/Frameworks";
				LD_RUNPATH_SEARCH_PATHS = (
					"$(inherited)",
					"@executable_path/Frameworks",
					"@loader_path/Frameworks",
				);
				MARKETING_VERSION = 1.0;
				PRODUCT_BUNDLE_IDENTIFIER = biancabutti.CleanApp;
				PRODUCT_NAME = "$(TARGET_NAME:c99extidentifier)";
				SKIP_INSTALL = YES;
				SWIFT_EMIT_LOC_STRINGS = YES;
				SWIFT_VERSION = 5.0;
				TARGETED_DEVICE_FAMILY = "1,2";
			};
			name = Release;
		};
		0086DEB82A9E1F040012A493 /* Debug */ = {
			isa = XCBuildConfiguration;
			buildSettings = {
				CLANG_ENABLE_MODULES = YES;
				CODE_SIGN_STYLE = Automatic;
				COMBINE_HIDPI_IMAGES = YES;
				CURRENT_PROJECT_VERSION = 1;
				DEFINES_MODULE = YES;
				DYLIB_COMPATIBILITY_VERSION = 1;
				DYLIB_CURRENT_VERSION = 1;
				DYLIB_INSTALL_NAME_BASE = "@rpath";
				GENERATE_INFOPLIST_FILE = YES;
				INFOPLIST_KEY_NSHumanReadableCopyright = "";
				INSTALL_PATH = "$(LOCAL_LIBRARY_DIR)/Frameworks";
				LD_RUNPATH_SEARCH_PATHS = (
					"$(inherited)",
					"@executable_path/../Frameworks",
					"@loader_path/Frameworks",
				);
				MACOSX_DEPLOYMENT_TARGET = 12.6;
				MARKETING_VERSION = 1.0;
				PRODUCT_BUNDLE_IDENTIFIER = biancabutti.Domain;
				PRODUCT_NAME = "$(TARGET_NAME:c99extidentifier)";
				SDKROOT = macosx;
				SKIP_INSTALL = YES;
				SWIFT_EMIT_LOC_STRINGS = YES;
				SWIFT_OPTIMIZATION_LEVEL = "-Onone";
				SWIFT_VERSION = 5.0;
			};
			name = Debug;
		};
		0086DEB92A9E1F040012A493 /* Release */ = {
			isa = XCBuildConfiguration;
			buildSettings = {
				CLANG_ENABLE_MODULES = YES;
				CODE_SIGN_STYLE = Automatic;
				COMBINE_HIDPI_IMAGES = YES;
				CURRENT_PROJECT_VERSION = 1;
				DEFINES_MODULE = YES;
				DYLIB_COMPATIBILITY_VERSION = 1;
				DYLIB_CURRENT_VERSION = 1;
				DYLIB_INSTALL_NAME_BASE = "@rpath";
				GENERATE_INFOPLIST_FILE = YES;
				INFOPLIST_KEY_NSHumanReadableCopyright = "";
				INSTALL_PATH = "$(LOCAL_LIBRARY_DIR)/Frameworks";
				LD_RUNPATH_SEARCH_PATHS = (
					"$(inherited)",
					"@executable_path/../Frameworks",
					"@loader_path/Frameworks",
				);
				MACOSX_DEPLOYMENT_TARGET = 12.6;
				MARKETING_VERSION = 1.0;
				PRODUCT_BUNDLE_IDENTIFIER = biancabutti.Domain;
				PRODUCT_NAME = "$(TARGET_NAME:c99extidentifier)";
				SDKROOT = macosx;
				SKIP_INSTALL = YES;
				SWIFT_EMIT_LOC_STRINGS = YES;
				SWIFT_VERSION = 5.0;
			};
			name = Release;
		};
		0086DED32A9E22C30012A493 /* Debug */ = {
			isa = XCBuildConfiguration;
			buildSettings = {
				CLANG_ENABLE_MODULES = YES;
				CODE_SIGN_STYLE = Automatic;
				COMBINE_HIDPI_IMAGES = YES;
				CURRENT_PROJECT_VERSION = 1;
				DEFINES_MODULE = YES;
				DYLIB_COMPATIBILITY_VERSION = 1;
				DYLIB_CURRENT_VERSION = 1;
				DYLIB_INSTALL_NAME_BASE = "@rpath";
				GENERATE_INFOPLIST_FILE = YES;
				INFOPLIST_KEY_NSHumanReadableCopyright = "";
				INSTALL_PATH = "$(LOCAL_LIBRARY_DIR)/Frameworks";
				LD_RUNPATH_SEARCH_PATHS = (
					"$(inherited)",
					"@executable_path/../Frameworks",
					"@loader_path/Frameworks",
				);
				MACOSX_DEPLOYMENT_TARGET = 12.6;
				MARKETING_VERSION = 1.0;
				PRODUCT_BUNDLE_IDENTIFIER = biancabutti.DataLayer;
				PRODUCT_NAME = "$(TARGET_NAME:c99extidentifier)";
				SDKROOT = macosx;
				SKIP_INSTALL = YES;
				SWIFT_EMIT_LOC_STRINGS = YES;
				SWIFT_OPTIMIZATION_LEVEL = "-Onone";
				SWIFT_VERSION = 5.0;
			};
			name = Debug;
		};
		0086DED42A9E22C30012A493 /* Release */ = {
			isa = XCBuildConfiguration;
			buildSettings = {
				CLANG_ENABLE_MODULES = YES;
				CODE_SIGN_STYLE = Automatic;
				COMBINE_HIDPI_IMAGES = YES;
				CURRENT_PROJECT_VERSION = 1;
				DEFINES_MODULE = YES;
				DYLIB_COMPATIBILITY_VERSION = 1;
				DYLIB_CURRENT_VERSION = 1;
				DYLIB_INSTALL_NAME_BASE = "@rpath";
				GENERATE_INFOPLIST_FILE = YES;
				INFOPLIST_KEY_NSHumanReadableCopyright = "";
				INSTALL_PATH = "$(LOCAL_LIBRARY_DIR)/Frameworks";
				LD_RUNPATH_SEARCH_PATHS = (
					"$(inherited)",
					"@executable_path/../Frameworks",
					"@loader_path/Frameworks",
				);
				MACOSX_DEPLOYMENT_TARGET = 12.6;
				MARKETING_VERSION = 1.0;
				PRODUCT_BUNDLE_IDENTIFIER = biancabutti.DataLayer;
				PRODUCT_NAME = "$(TARGET_NAME:c99extidentifier)";
				SDKROOT = macosx;
				SKIP_INSTALL = YES;
				SWIFT_EMIT_LOC_STRINGS = YES;
				SWIFT_VERSION = 5.0;
			};
			name = Release;
		};
		0086DED62A9E22C30012A493 /* Debug */ = {
			isa = XCBuildConfiguration;
			buildSettings = {
				ALWAYS_EMBED_SWIFT_STANDARD_LIBRARIES = YES;
				CODE_SIGN_STYLE = Automatic;
				CURRENT_PROJECT_VERSION = 1;
				GENERATE_INFOPLIST_FILE = YES;
				MACOSX_DEPLOYMENT_TARGET = 12.6;
				MARKETING_VERSION = 1.0;
				PRODUCT_BUNDLE_IDENTIFIER = biancabutti.DataLayerTests;
				PRODUCT_NAME = "$(TARGET_NAME)";
				SDKROOT = macosx;
				SWIFT_EMIT_LOC_STRINGS = NO;
				SWIFT_VERSION = 5.0;
			};
			name = Debug;
		};
		0086DED72A9E22C30012A493 /* Release */ = {
			isa = XCBuildConfiguration;
			buildSettings = {
				ALWAYS_EMBED_SWIFT_STANDARD_LIBRARIES = YES;
				CODE_SIGN_STYLE = Automatic;
				CURRENT_PROJECT_VERSION = 1;
				GENERATE_INFOPLIST_FILE = YES;
				MACOSX_DEPLOYMENT_TARGET = 12.6;
				MARKETING_VERSION = 1.0;
				PRODUCT_BUNDLE_IDENTIFIER = biancabutti.DataLayerTests;
				PRODUCT_NAME = "$(TARGET_NAME)";
				SDKROOT = macosx;
				SWIFT_EMIT_LOC_STRINGS = NO;
				SWIFT_VERSION = 5.0;
			};
			name = Release;
		};
/* End XCBuildConfiguration section */

/* Begin XCConfigurationList section */
		004BD85B2A9FA763008640B4 /* Build configuration list for PBXNativeTarget "Infra" */ = {
			isa = XCConfigurationList;
			buildConfigurations = (
				004BD85C2A9FA763008640B4 /* Debug */,
				004BD85D2A9FA763008640B4 /* Release */,
			);
			defaultConfigurationIsVisible = 0;
			defaultConfigurationName = Release;
		};
		004BD85E2A9FA763008640B4 /* Build configuration list for PBXNativeTarget "InfraTests" */ = {
			isa = XCConfigurationList;
			buildConfigurations = (
				004BD85F2A9FA763008640B4 /* Debug */,
				004BD8602A9FA763008640B4 /* Release */,
			);
			defaultConfigurationIsVisible = 0;
			defaultConfigurationName = Release;
		};
		0086DE9E2A9E1E760012A493 /* Build configuration list for PBXProject "CleanApp" */ = {
			isa = XCConfigurationList;
			buildConfigurations = (
				0086DEA92A9E1E760012A493 /* Debug */,
				0086DEAA2A9E1E760012A493 /* Release */,
			);
			defaultConfigurationIsVisible = 0;
			defaultConfigurationName = Release;
		};
		0086DEAB2A9E1E760012A493 /* Build configuration list for PBXNativeTarget "CleanApp" */ = {
			isa = XCConfigurationList;
			buildConfigurations = (
				0086DEAC2A9E1E760012A493 /* Debug */,
				0086DEAD2A9E1E760012A493 /* Release */,
			);
			defaultConfigurationIsVisible = 0;
			defaultConfigurationName = Release;
		};
		0086DEB72A9E1F040012A493 /* Build configuration list for PBXNativeTarget "Domain" */ = {
			isa = XCConfigurationList;
			buildConfigurations = (
				0086DEB82A9E1F040012A493 /* Debug */,
				0086DEB92A9E1F040012A493 /* Release */,
			);
			defaultConfigurationIsVisible = 0;
			defaultConfigurationName = Release;
		};
		0086DED22A9E22C30012A493 /* Build configuration list for PBXNativeTarget "DataLayer" */ = {
			isa = XCConfigurationList;
			buildConfigurations = (
				0086DED32A9E22C30012A493 /* Debug */,
				0086DED42A9E22C30012A493 /* Release */,
			);
			defaultConfigurationIsVisible = 0;
			defaultConfigurationName = Release;
		};
		0086DED52A9E22C30012A493 /* Build configuration list for PBXNativeTarget "DataLayerTests" */ = {
			isa = XCConfigurationList;
			buildConfigurations = (
				0086DED62A9E22C30012A493 /* Debug */,
				0086DED72A9E22C30012A493 /* Release */,
			);
			defaultConfigurationIsVisible = 0;
			defaultConfigurationName = Release;
		};
/* End XCConfigurationList section */

/* Begin XCRemoteSwiftPackageReference section */
		0075E41D2A9FB1F400091AD5 /* XCRemoteSwiftPackageReference "Alamofire" */ = {
			isa = XCRemoteSwiftPackageReference;
			repositoryURL = "https://github.com/Alamofire/Alamofire.git";
			requirement = {
				kind = upToNextMajorVersion;
				minimumVersion = 5.0.0;
			};
		};
/* End XCRemoteSwiftPackageReference section */

/* Begin XCSwiftPackageProductDependency section */
		0075E41E2A9FB1F400091AD5 /* Alamofire */ = {
			isa = XCSwiftPackageProductDependency;
			package = 0075E41D2A9FB1F400091AD5 /* XCRemoteSwiftPackageReference "Alamofire" */;
			productName = Alamofire;
		};
/* End XCSwiftPackageProductDependency section */
	};
	rootObject = 0086DE9B2A9E1E760012A493 /* Project object */;
}
